// !$*UTF8*$!
{
	archiveVersion = 1;
	classes = {
	};
	objectVersion = 56;
	objects = {

/* Begin PBXBuildFile section */
		3218EA6B2939B0BD00F24DFF /* TipView.swift in Sources */ = {isa = PBXBuildFile; fileRef = 3218EA6A2939B0BD00F24DFF /* TipView.swift */; };
		32369B0E299DD4E4001536BB /* RoundCorner.swift in Sources */ = {isa = PBXBuildFile; fileRef = 32369B0D299DD4E4001536BB /* RoundCorner.swift */; };
		32531ADF2924A0D100B36D91 /* Aghs in Frameworks */ = {isa = PBXBuildFile; productRef = 32531ADE2924A0D100B36D91 /* Aghs */; };
		32531AE32924A13700B36D91 /* HudView.swift in Sources */ = {isa = PBXBuildFile; fileRef = 32531AE22924A13700B36D91 /* HudView.swift */; };
		32531B712927224700B36D91 /* DismissKeyboardView.swift in Sources */ = {isa = PBXBuildFile; fileRef = 32531B702927224700B36D91 /* DismissKeyboardView.swift */; };
		32877F6E291E229600D00F15 /* Aghs_exampleApp.swift in Sources */ = {isa = PBXBuildFile; fileRef = 32877F6D291E229600D00F15 /* Aghs_exampleApp.swift */; };
		32877F72291E229800D00F15 /* Assets.xcassets in Resources */ = {isa = PBXBuildFile; fileRef = 32877F71291E229800D00F15 /* Assets.xcassets */; };
		32877F76291E229800D00F15 /* Preview Assets.xcassets in Resources */ = {isa = PBXBuildFile; fileRef = 32877F75291E229800D00F15 /* Preview Assets.xcassets */; };
		32877F80291E229800D00F15 /* Aghs_exampleTests.swift in Sources */ = {isa = PBXBuildFile; fileRef = 32877F7F291E229800D00F15 /* Aghs_exampleTests.swift */; };
		32877F8A291E229800D00F15 /* Aghs_exampleUITests.swift in Sources */ = {isa = PBXBuildFile; fileRef = 32877F89291E229800D00F15 /* Aghs_exampleUITests.swift */; };
		32877F8C291E229800D00F15 /* Aghs_exampleUITestsLaunchTests.swift in Sources */ = {isa = PBXBuildFile; fileRef = 32877F8B291E229800D00F15 /* Aghs_exampleUITestsLaunchTests.swift */; };
		32877F9C291E26F200D00F15 /* HomeView.swift in Sources */ = {isa = PBXBuildFile; fileRef = 32877F9B291E26F200D00F15 /* HomeView.swift */; };
		32877F9E291E284E00D00F15 /* Router.swift in Sources */ = {isa = PBXBuildFile; fileRef = 32877F9D291E284E00D00F15 /* Router.swift */; };
		32877FA0291E2A3800D00F15 /* HomeModel.swift in Sources */ = {isa = PBXBuildFile; fileRef = 32877F9F291E2A3800D00F15 /* HomeModel.swift */; };
		32877FA2291E2A3E00D00F15 /* HomeVM.swift in Sources */ = {isa = PBXBuildFile; fileRef = 32877FA1291E2A3E00D00F15 /* HomeVM.swift */; };
		32877FA4291E322F00D00F15 /* CGFloatExView.swift in Sources */ = {isa = PBXBuildFile; fileRef = 32877FA3291E322F00D00F15 /* CGFloatExView.swift */; };
		32877FA6291E323800D00F15 /* UIScreenExView.swift in Sources */ = {isa = PBXBuildFile; fileRef = 32877FA5291E323800D00F15 /* UIScreenExView.swift */; };
		32877FA8291E323F00D00F15 /* TaskExView.swift in Sources */ = {isa = PBXBuildFile; fileRef = 32877FA7291E323F00D00F15 /* TaskExView.swift */; };
		32877FAA291E3B6F00D00F15 /* PrintLogView.swift in Sources */ = {isa = PBXBuildFile; fileRef = 32877FA9291E3B6F00D00F15 /* PrintLogView.swift */; };
		32877FAC291E3DA600D00F15 /* SampleList.swift in Sources */ = {isa = PBXBuildFile; fileRef = 32877FAB291E3DA600D00F15 /* SampleList.swift */; };
		32877FAF291E4FF800D00F15 /* AppInfoView.swift in Sources */ = {isa = PBXBuildFile; fileRef = 32877FAE291E4FF800D00F15 /* AppInfoView.swift */; };
		69113635291FDCB8005AF8DF /* ConditionalView.swift in Sources */ = {isa = PBXBuildFile; fileRef = 69113634291FDCB8005AF8DF /* ConditionalView.swift */; };
/* End PBXBuildFile section */

/* Begin PBXContainerItemProxy section */
		32877F7C291E229800D00F15 /* PBXContainerItemProxy */ = {
			isa = PBXContainerItemProxy;
			containerPortal = 32877F62291E229600D00F15 /* Project object */;
			proxyType = 1;
			remoteGlobalIDString = 32877F69291E229600D00F15;
			remoteInfo = "Aghs-example";
		};
		32877F86291E229800D00F15 /* PBXContainerItemProxy */ = {
			isa = PBXContainerItemProxy;
			containerPortal = 32877F62291E229600D00F15 /* Project object */;
			proxyType = 1;
			remoteGlobalIDString = 32877F69291E229600D00F15;
			remoteInfo = "Aghs-example";
		};
/* End PBXContainerItemProxy section */

/* Begin PBXFileReference section */
		3218EA6A2939B0BD00F24DFF /* TipView.swift */ = {isa = PBXFileReference; lastKnownFileType = sourcecode.swift; path = TipView.swift; sourceTree = "<group>"; };
		32369B0D299DD4E4001536BB /* RoundCorner.swift */ = {isa = PBXFileReference; fileEncoding = 4; lastKnownFileType = sourcecode.swift; path = RoundCorner.swift; sourceTree = "<group>"; };
		32531AE22924A13700B36D91 /* HudView.swift */ = {isa = PBXFileReference; lastKnownFileType = sourcecode.swift; path = HudView.swift; sourceTree = "<group>"; };
		32531B702927224700B36D91 /* DismissKeyboardView.swift */ = {isa = PBXFileReference; lastKnownFileType = sourcecode.swift; path = DismissKeyboardView.swift; sourceTree = "<group>"; };
		32877F6A291E229600D00F15 /* Aghs-example.app */ = {isa = PBXFileReference; explicitFileType = wrapper.application; includeInIndex = 0; path = "Aghs-example.app"; sourceTree = BUILT_PRODUCTS_DIR; };
		32877F6D291E229600D00F15 /* Aghs_exampleApp.swift */ = {isa = PBXFileReference; lastKnownFileType = sourcecode.swift; path = Aghs_exampleApp.swift; sourceTree = "<group>"; };
		32877F71291E229800D00F15 /* Assets.xcassets */ = {isa = PBXFileReference; lastKnownFileType = folder.assetcatalog; path = Assets.xcassets; sourceTree = "<group>"; };
		32877F73291E229800D00F15 /* Aghs_example.entitlements */ = {isa = PBXFileReference; lastKnownFileType = text.plist.entitlements; path = Aghs_example.entitlements; sourceTree = "<group>"; };
		32877F75291E229800D00F15 /* Preview Assets.xcassets */ = {isa = PBXFileReference; lastKnownFileType = folder.assetcatalog; path = "Preview Assets.xcassets"; sourceTree = "<group>"; };
		32877F7B291E229800D00F15 /* Aghs-exampleTests.xctest */ = {isa = PBXFileReference; explicitFileType = wrapper.cfbundle; includeInIndex = 0; path = "Aghs-exampleTests.xctest"; sourceTree = BUILT_PRODUCTS_DIR; };
		32877F7F291E229800D00F15 /* Aghs_exampleTests.swift */ = {isa = PBXFileReference; lastKnownFileType = sourcecode.swift; path = Aghs_exampleTests.swift; sourceTree = "<group>"; };
		32877F85291E229800D00F15 /* Aghs-exampleUITests.xctest */ = {isa = PBXFileReference; explicitFileType = wrapper.cfbundle; includeInIndex = 0; path = "Aghs-exampleUITests.xctest"; sourceTree = BUILT_PRODUCTS_DIR; };
		32877F89291E229800D00F15 /* Aghs_exampleUITests.swift */ = {isa = PBXFileReference; lastKnownFileType = sourcecode.swift; path = Aghs_exampleUITests.swift; sourceTree = "<group>"; };
		32877F8B291E229800D00F15 /* Aghs_exampleUITestsLaunchTests.swift */ = {isa = PBXFileReference; lastKnownFileType = sourcecode.swift; path = Aghs_exampleUITestsLaunchTests.swift; sourceTree = "<group>"; };
		32877F9B291E26F200D00F15 /* HomeView.swift */ = {isa = PBXFileReference; lastKnownFileType = sourcecode.swift; path = HomeView.swift; sourceTree = "<group>"; };
		32877F9D291E284E00D00F15 /* Router.swift */ = {isa = PBXFileReference; lastKnownFileType = sourcecode.swift; path = Router.swift; sourceTree = "<group>"; };
		32877F9F291E2A3800D00F15 /* HomeModel.swift */ = {isa = PBXFileReference; lastKnownFileType = sourcecode.swift; path = HomeModel.swift; sourceTree = "<group>"; };
		32877FA1291E2A3E00D00F15 /* HomeVM.swift */ = {isa = PBXFileReference; lastKnownFileType = sourcecode.swift; path = HomeVM.swift; sourceTree = "<group>"; };
		32877FA3291E322F00D00F15 /* CGFloatExView.swift */ = {isa = PBXFileReference; lastKnownFileType = sourcecode.swift; path = CGFloatExView.swift; sourceTree = "<group>"; };
		32877FA5291E323800D00F15 /* UIScreenExView.swift */ = {isa = PBXFileReference; lastKnownFileType = sourcecode.swift; path = UIScreenExView.swift; sourceTree = "<group>"; };
		32877FA7291E323F00D00F15 /* TaskExView.swift */ = {isa = PBXFileReference; lastKnownFileType = sourcecode.swift; path = TaskExView.swift; sourceTree = "<group>"; };
		32877FA9291E3B6F00D00F15 /* PrintLogView.swift */ = {isa = PBXFileReference; lastKnownFileType = sourcecode.swift; path = PrintLogView.swift; sourceTree = "<group>"; };
		32877FAB291E3DA600D00F15 /* SampleList.swift */ = {isa = PBXFileReference; lastKnownFileType = sourcecode.swift; path = SampleList.swift; sourceTree = "<group>"; };
		32877FAE291E4FF800D00F15 /* AppInfoView.swift */ = {isa = PBXFileReference; lastKnownFileType = sourcecode.swift; path = AppInfoView.swift; sourceTree = "<group>"; };
		69113634291FDCB8005AF8DF /* ConditionalView.swift */ = {isa = PBXFileReference; lastKnownFileType = sourcecode.swift; path = ConditionalView.swift; sourceTree = "<group>"; };
/* End PBXFileReference section */

/* Begin PBXFrameworksBuildPhase section */
		32877F67291E229600D00F15 /* Frameworks */ = {
			isa = PBXFrameworksBuildPhase;
			buildActionMask = 2147483647;
			files = (
				32531ADF2924A0D100B36D91 /* Aghs in Frameworks */,
			);
			runOnlyForDeploymentPostprocessing = 0;
		};
		32877F78291E229800D00F15 /* Frameworks */ = {
			isa = PBXFrameworksBuildPhase;
			buildActionMask = 2147483647;
			files = (
			);
			runOnlyForDeploymentPostprocessing = 0;
		};
		32877F82291E229800D00F15 /* Frameworks */ = {
			isa = PBXFrameworksBuildPhase;
			buildActionMask = 2147483647;
			files = (
			);
			runOnlyForDeploymentPostprocessing = 0;
		};
/* End PBXFrameworksBuildPhase section */

/* Begin PBXGroup section */
		32877F61291E229600D00F15 = {
			isa = PBXGroup;
			children = (
				32877F6C291E229600D00F15 /* Aghs-example */,
				32877F7E291E229800D00F15 /* Aghs-exampleTests */,
				32877F88291E229800D00F15 /* Aghs-exampleUITests */,
				32877F6B291E229600D00F15 /* Products */,
			);
			sourceTree = "<group>";
		};
		32877F6B291E229600D00F15 /* Products */ = {
			isa = PBXGroup;
			children = (
				32877F6A291E229600D00F15 /* Aghs-example.app */,
				32877F7B291E229800D00F15 /* Aghs-exampleTests.xctest */,
				32877F85291E229800D00F15 /* Aghs-exampleUITests.xctest */,
			);
			name = Products;
			sourceTree = "<group>";
		};
		32877F6C291E229600D00F15 /* Aghs-example */ = {
			isa = PBXGroup;
			children = (
				32877F6D291E229600D00F15 /* Aghs_exampleApp.swift */,
				32877F9B291E26F200D00F15 /* HomeView.swift */,
				32877F9F291E2A3800D00F15 /* HomeModel.swift */,
				32877FA1291E2A3E00D00F15 /* HomeVM.swift */,
				32877F9D291E284E00D00F15 /* Router.swift */,
				32877FAB291E3DA600D00F15 /* SampleList.swift */,
				32877FAD291E4A2500D00F15 /* Examples */,
				32877F71291E229800D00F15 /* Assets.xcassets */,
				32877F73291E229800D00F15 /* Aghs_example.entitlements */,
				32877F74291E229800D00F15 /* Preview Content */,
			);
			path = "Aghs-example";
			sourceTree = "<group>";
		};
		32877F74291E229800D00F15 /* Preview Content */ = {
			isa = PBXGroup;
			children = (
				32877F75291E229800D00F15 /* Preview Assets.xcassets */,
			);
			path = "Preview Content";
			sourceTree = "<group>";
		};
		32877F7E291E229800D00F15 /* Aghs-exampleTests */ = {
			isa = PBXGroup;
			children = (
				32877F7F291E229800D00F15 /* Aghs_exampleTests.swift */,
			);
			path = "Aghs-exampleTests";
			sourceTree = "<group>";
		};
		32877F88291E229800D00F15 /* Aghs-exampleUITests */ = {
			isa = PBXGroup;
			children = (
				32877F89291E229800D00F15 /* Aghs_exampleUITests.swift */,
				32877F8B291E229800D00F15 /* Aghs_exampleUITestsLaunchTests.swift */,
			);
			path = "Aghs-exampleUITests";
			sourceTree = "<group>";
		};
		32877FAD291E4A2500D00F15 /* Examples */ = {
			isa = PBXGroup;
			children = (
				32877FA3291E322F00D00F15 /* CGFloatExView.swift */,
				32877FA9291E3B6F00D00F15 /* PrintLogView.swift */,
				32877FA5291E323800D00F15 /* UIScreenExView.swift */,
				32877FA7291E323F00D00F15 /* TaskExView.swift */,
				32877FAE291E4FF800D00F15 /* AppInfoView.swift */,
				69113634291FDCB8005AF8DF /* ConditionalView.swift */,
				32369B0D299DD4E4001536BB /* RoundCorner.swift */,
				32531AE22924A13700B36D91 /* HudView.swift */,
				3218EA6A2939B0BD00F24DFF /* TipView.swift */,
				32531B702927224700B36D91 /* DismissKeyboardView.swift */,
			);
			path = Examples;
			sourceTree = "<group>";
		};
/* End PBXGroup section */

/* Begin PBXNativeTarget section */
		32877F69291E229600D00F15 /* Aghs-example */ = {
			isa = PBXNativeTarget;
			buildConfigurationList = 32877F8F291E229800D00F15 /* Build configuration list for PBXNativeTarget "Aghs-example" */;
			buildPhases = (
				32877F66291E229600D00F15 /* Sources */,
				32877F67291E229600D00F15 /* Frameworks */,
				32877F68291E229600D00F15 /* Resources */,
			);
			buildRules = (
			);
			dependencies = (
			);
			name = "Aghs-example";
			packageProductDependencies = (
				32531ADE2924A0D100B36D91 /* Aghs */,
			);
			productName = "Aghs-example";
			productReference = 32877F6A291E229600D00F15 /* Aghs-example.app */;
			productType = "com.apple.product-type.application";
		};
		32877F7A291E229800D00F15 /* Aghs-exampleTests */ = {
			isa = PBXNativeTarget;
			buildConfigurationList = 32877F92291E229800D00F15 /* Build configuration list for PBXNativeTarget "Aghs-exampleTests" */;
			buildPhases = (
				32877F77291E229800D00F15 /* Sources */,
				32877F78291E229800D00F15 /* Frameworks */,
				32877F79291E229800D00F15 /* Resources */,
			);
			buildRules = (
			);
			dependencies = (
				32877F7D291E229800D00F15 /* PBXTargetDependency */,
			);
			name = "Aghs-exampleTests";
			productName = "Aghs-exampleTests";
			productReference = 32877F7B291E229800D00F15 /* Aghs-exampleTests.xctest */;
			productType = "com.apple.product-type.bundle.unit-test";
		};
		32877F84291E229800D00F15 /* Aghs-exampleUITests */ = {
			isa = PBXNativeTarget;
			buildConfigurationList = 32877F95291E229800D00F15 /* Build configuration list for PBXNativeTarget "Aghs-exampleUITests" */;
			buildPhases = (
				32877F81291E229800D00F15 /* Sources */,
				32877F82291E229800D00F15 /* Frameworks */,
				32877F83291E229800D00F15 /* Resources */,
			);
			buildRules = (
			);
			dependencies = (
				32877F87291E229800D00F15 /* PBXTargetDependency */,
			);
			name = "Aghs-exampleUITests";
			productName = "Aghs-exampleUITests";
			productReference = 32877F85291E229800D00F15 /* Aghs-exampleUITests.xctest */;
			productType = "com.apple.product-type.bundle.ui-testing";
		};
/* End PBXNativeTarget section */

/* Begin PBXProject section */
		32877F62291E229600D00F15 /* Project object */ = {
			isa = PBXProject;
			attributes = {
				BuildIndependentTargetsInParallel = 1;
				LastSwiftUpdateCheck = 1410;
				LastUpgradeCheck = 1410;
				TargetAttributes = {
					32877F69291E229600D00F15 = {
						CreatedOnToolsVersion = 14.1;
					};
					32877F7A291E229800D00F15 = {
						CreatedOnToolsVersion = 14.1;
						TestTargetID = 32877F69291E229600D00F15;
					};
					32877F84291E229800D00F15 = {
						CreatedOnToolsVersion = 14.1;
						TestTargetID = 32877F69291E229600D00F15;
					};
				};
			};
			buildConfigurationList = 32877F65291E229600D00F15 /* Build configuration list for PBXProject "Aghs-example" */;
			compatibilityVersion = "Xcode 14.0";
			developmentRegion = en;
			hasScannedForEncodings = 0;
			knownRegions = (
				en,
				Base,
			);
			mainGroup = 32877F61291E229600D00F15;
			packageReferences = (
				32531ADD2924A0D100B36D91 /* XCRemoteSwiftPackageReference "Aghs" */,
			);
			productRefGroup = 32877F6B291E229600D00F15 /* Products */;
			projectDirPath = "";
			projectRoot = "";
			targets = (
				32877F69291E229600D00F15 /* Aghs-example */,
				32877F7A291E229800D00F15 /* Aghs-exampleTests */,
				32877F84291E229800D00F15 /* Aghs-exampleUITests */,
			);
		};
/* End PBXProject section */

/* Begin PBXResourcesBuildPhase section */
		32877F68291E229600D00F15 /* Resources */ = {
			isa = PBXResourcesBuildPhase;
			buildActionMask = 2147483647;
			files = (
				32877F76291E229800D00F15 /* Preview Assets.xcassets in Resources */,
				32877F72291E229800D00F15 /* Assets.xcassets in Resources */,
			);
			runOnlyForDeploymentPostprocessing = 0;
		};
		32877F79291E229800D00F15 /* Resources */ = {
			isa = PBXResourcesBuildPhase;
			buildActionMask = 2147483647;
			files = (
			);
			runOnlyForDeploymentPostprocessing = 0;
		};
		32877F83291E229800D00F15 /* Resources */ = {
			isa = PBXResourcesBuildPhase;
			buildActionMask = 2147483647;
			files = (
			);
			runOnlyForDeploymentPostprocessing = 0;
		};
/* End PBXResourcesBuildPhase section */

/* Begin PBXSourcesBuildPhase section */
		32877F66291E229600D00F15 /* Sources */ = {
			isa = PBXSourcesBuildPhase;
			buildActionMask = 2147483647;
			files = (
				32877FA0291E2A3800D00F15 /* HomeModel.swift in Sources */,
				32877F6E291E229600D00F15 /* Aghs_exampleApp.swift in Sources */,
				32877FAF291E4FF800D00F15 /* AppInfoView.swift in Sources */,
				32877F9E291E284E00D00F15 /* Router.swift in Sources */,
				32877FA2291E2A3E00D00F15 /* HomeVM.swift in Sources */,
				32877FAA291E3B6F00D00F15 /* PrintLogView.swift in Sources */,
				32877FA4291E322F00D00F15 /* CGFloatExView.swift in Sources */,
				32877FA6291E323800D00F15 /* UIScreenExView.swift in Sources */,
				32877FA8291E323F00D00F15 /* TaskExView.swift in Sources */,
				32877F9C291E26F200D00F15 /* HomeView.swift in Sources */,
				32877FAC291E3DA600D00F15 /* SampleList.swift in Sources */,
				69113635291FDCB8005AF8DF /* ConditionalView.swift in Sources */,
				32531B712927224700B36D91 /* DismissKeyboardView.swift in Sources */,
				32369B0E299DD4E4001536BB /* RoundCorner.swift in Sources */,
				32531AE32924A13700B36D91 /* HudView.swift in Sources */,
				3218EA6B2939B0BD00F24DFF /* TipView.swift in Sources */,
			);
			runOnlyForDeploymentPostprocessing = 0;
		};
		32877F77291E229800D00F15 /* Sources */ = {
			isa = PBXSourcesBuildPhase;
			buildActionMask = 2147483647;
			files = (
				32877F80291E229800D00F15 /* Aghs_exampleTests.swift in Sources */,
			);
			runOnlyForDeploymentPostprocessing = 0;
		};
		32877F81291E229800D00F15 /* Sources */ = {
			isa = PBXSourcesBuildPhase;
			buildActionMask = 2147483647;
			files = (
				32877F8C291E229800D00F15 /* Aghs_exampleUITestsLaunchTests.swift in Sources */,
				32877F8A291E229800D00F15 /* Aghs_exampleUITests.swift in Sources */,
			);
			runOnlyForDeploymentPostprocessing = 0;
		};
/* End PBXSourcesBuildPhase section */

/* Begin PBXTargetDependency section */
		32877F7D291E229800D00F15 /* PBXTargetDependency */ = {
			isa = PBXTargetDependency;
			target = 32877F69291E229600D00F15 /* Aghs-example */;
			targetProxy = 32877F7C291E229800D00F15 /* PBXContainerItemProxy */;
		};
		32877F87291E229800D00F15 /* PBXTargetDependency */ = {
			isa = PBXTargetDependency;
			target = 32877F69291E229600D00F15 /* Aghs-example */;
			targetProxy = 32877F86291E229800D00F15 /* PBXContainerItemProxy */;
		};
/* End PBXTargetDependency section */

/* Begin XCBuildConfiguration section */
		32877F8D291E229800D00F15 /* Debug */ = {
			isa = XCBuildConfiguration;
			buildSettings = {
				ALWAYS_SEARCH_USER_PATHS = NO;
				CLANG_ANALYZER_NONNULL = YES;
				CLANG_ANALYZER_NUMBER_OBJECT_CONVERSION = YES_AGGRESSIVE;
				CLANG_CXX_LANGUAGE_STANDARD = "gnu++20";
				CLANG_ENABLE_MODULES = YES;
				CLANG_ENABLE_OBJC_ARC = YES;
				CLANG_ENABLE_OBJC_WEAK = YES;
				CLANG_WARN_BLOCK_CAPTURE_AUTORELEASING = YES;
				CLANG_WARN_BOOL_CONVERSION = YES;
				CLANG_WARN_COMMA = YES;
				CLANG_WARN_CONSTANT_CONVERSION = YES;
				CLANG_WARN_DEPRECATED_OBJC_IMPLEMENTATIONS = YES;
				CLANG_WARN_DIRECT_OBJC_ISA_USAGE = YES_ERROR;
				CLANG_WARN_DOCUMENTATION_COMMENTS = YES;
				CLANG_WARN_EMPTY_BODY = YES;
				CLANG_WARN_ENUM_CONVERSION = YES;
				CLANG_WARN_INFINITE_RECURSION = YES;
				CLANG_WARN_INT_CONVERSION = YES;
				CLANG_WARN_NON_LITERAL_NULL_CONVERSION = YES;
				CLANG_WARN_OBJC_IMPLICIT_RETAIN_SELF = YES;
				CLANG_WARN_OBJC_LITERAL_CONVERSION = YES;
				CLANG_WARN_OBJC_ROOT_CLASS = YES_ERROR;
				CLANG_WARN_QUOTED_INCLUDE_IN_FRAMEWORK_HEADER = YES;
				CLANG_WARN_RANGE_LOOP_ANALYSIS = YES;
				CLANG_WARN_STRICT_PROTOTYPES = YES;
				CLANG_WARN_SUSPICIOUS_MOVE = YES;
				CLANG_WARN_UNGUARDED_AVAILABILITY = YES_AGGRESSIVE;
				CLANG_WARN_UNREACHABLE_CODE = YES;
				CLANG_WARN__DUPLICATE_METHOD_MATCH = YES;
				COPY_PHASE_STRIP = NO;
				DEBUG_INFORMATION_FORMAT = dwarf;
				ENABLE_STRICT_OBJC_MSGSEND = YES;
				ENABLE_TESTABILITY = YES;
				GCC_C_LANGUAGE_STANDARD = gnu11;
				GCC_DYNAMIC_NO_PIC = NO;
				GCC_NO_COMMON_BLOCKS = YES;
				GCC_OPTIMIZATION_LEVEL = 0;
				GCC_PREPROCESSOR_DEFINITIONS = (
					"DEBUG=1",
					"$(inherited)",
				);
				GCC_WARN_64_TO_32_BIT_CONVERSION = YES;
				GCC_WARN_ABOUT_RETURN_TYPE = YES_ERROR;
				GCC_WARN_UNDECLARED_SELECTOR = YES;
				GCC_WARN_UNINITIALIZED_AUTOS = YES_AGGRESSIVE;
				GCC_WARN_UNUSED_FUNCTION = YES;
				GCC_WARN_UNUSED_VARIABLE = YES;
				MTL_ENABLE_DEBUG_INFO = INCLUDE_SOURCE;
				MTL_FAST_MATH = YES;
				ONLY_ACTIVE_ARCH = YES;
				SWIFT_ACTIVE_COMPILATION_CONDITIONS = DEBUG;
				SWIFT_OPTIMIZATION_LEVEL = "-Onone";
			};
			name = Debug;
		};
		32877F8E291E229800D00F15 /* Release */ = {
			isa = XCBuildConfiguration;
			buildSettings = {
				ALWAYS_SEARCH_USER_PATHS = NO;
				CLANG_ANALYZER_NONNULL = YES;
				CLANG_ANALYZER_NUMBER_OBJECT_CONVERSION = YES_AGGRESSIVE;
				CLANG_CXX_LANGUAGE_STANDARD = "gnu++20";
				CLANG_ENABLE_MODULES = YES;
				CLANG_ENABLE_OBJC_ARC = YES;
				CLANG_ENABLE_OBJC_WEAK = YES;
				CLANG_WARN_BLOCK_CAPTURE_AUTORELEASING = YES;
				CLANG_WARN_BOOL_CONVERSION = YES;
				CLANG_WARN_COMMA = YES;
				CLANG_WARN_CONSTANT_CONVERSION = YES;
				CLANG_WARN_DEPRECATED_OBJC_IMPLEMENTATIONS = YES;
				CLANG_WARN_DIRECT_OBJC_ISA_USAGE = YES_ERROR;
				CLANG_WARN_DOCUMENTATION_COMMENTS = YES;
				CLANG_WARN_EMPTY_BODY = YES;
				CLANG_WARN_ENUM_CONVERSION = YES;
				CLANG_WARN_INFINITE_RECURSION = YES;
				CLANG_WARN_INT_CONVERSION = YES;
				CLANG_WARN_NON_LITERAL_NULL_CONVERSION = YES;
				CLANG_WARN_OBJC_IMPLICIT_RETAIN_SELF = YES;
				CLANG_WARN_OBJC_LITERAL_CONVERSION = YES;
				CLANG_WARN_OBJC_ROOT_CLASS = YES_ERROR;
				CLANG_WARN_QUOTED_INCLUDE_IN_FRAMEWORK_HEADER = YES;
				CLANG_WARN_RANGE_LOOP_ANALYSIS = YES;
				CLANG_WARN_STRICT_PROTOTYPES = YES;
				CLANG_WARN_SUSPICIOUS_MOVE = YES;
				CLANG_WARN_UNGUARDED_AVAILABILITY = YES_AGGRESSIVE;
				CLANG_WARN_UNREACHABLE_CODE = YES;
				CLANG_WARN__DUPLICATE_METHOD_MATCH = YES;
				COPY_PHASE_STRIP = NO;
				DEBUG_INFORMATION_FORMAT = "dwarf-with-dsym";
				ENABLE_NS_ASSERTIONS = NO;
				ENABLE_STRICT_OBJC_MSGSEND = YES;
				GCC_C_LANGUAGE_STANDARD = gnu11;
				GCC_NO_COMMON_BLOCKS = YES;
				GCC_WARN_64_TO_32_BIT_CONVERSION = YES;
				GCC_WARN_ABOUT_RETURN_TYPE = YES_ERROR;
				GCC_WARN_UNDECLARED_SELECTOR = YES;
				GCC_WARN_UNINITIALIZED_AUTOS = YES_AGGRESSIVE;
				GCC_WARN_UNUSED_FUNCTION = YES;
				GCC_WARN_UNUSED_VARIABLE = YES;
				MTL_ENABLE_DEBUG_INFO = NO;
				MTL_FAST_MATH = YES;
				SWIFT_COMPILATION_MODE = wholemodule;
				SWIFT_OPTIMIZATION_LEVEL = "-O";
			};
			name = Release;
		};
		32877F90291E229800D00F15 /* Debug */ = {
			isa = XCBuildConfiguration;
			buildSettings = {
				ASSETCATALOG_COMPILER_APPICON_NAME = AppIcon;
				ASSETCATALOG_COMPILER_GLOBAL_ACCENT_COLOR_NAME = AccentColor;
				CODE_SIGN_ENTITLEMENTS = "Aghs-example/Aghs_example.entitlements";
				CODE_SIGN_STYLE = Automatic;
				CURRENT_PROJECT_VERSION = 1;
				DEVELOPMENT_ASSET_PATHS = "\"Aghs-example/Preview Content\"";
				DEVELOPMENT_TEAM = JHT4FL54H9;
				ENABLE_HARDENED_RUNTIME = YES;
				ENABLE_PREVIEWS = YES;
				GENERATE_INFOPLIST_FILE = YES;
				"INFOPLIST_KEY_UIApplicationSceneManifest_Generation[sdk=iphoneos*]" = YES;
				"INFOPLIST_KEY_UIApplicationSceneManifest_Generation[sdk=iphonesimulator*]" = YES;
				"INFOPLIST_KEY_UIApplicationSupportsIndirectInputEvents[sdk=iphoneos*]" = YES;
				"INFOPLIST_KEY_UIApplicationSupportsIndirectInputEvents[sdk=iphonesimulator*]" = YES;
				"INFOPLIST_KEY_UILaunchScreen_Generation[sdk=iphoneos*]" = YES;
				"INFOPLIST_KEY_UILaunchScreen_Generation[sdk=iphonesimulator*]" = YES;
				"INFOPLIST_KEY_UIStatusBarStyle[sdk=iphoneos*]" = UIStatusBarStyleDefault;
				"INFOPLIST_KEY_UIStatusBarStyle[sdk=iphonesimulator*]" = UIStatusBarStyleDefault;
				INFOPLIST_KEY_UISupportedInterfaceOrientations_iPad = "UIInterfaceOrientationPortrait UIInterfaceOrientationPortraitUpsideDown UIInterfaceOrientationLandscapeLeft UIInterfaceOrientationLandscapeRight";
				INFOPLIST_KEY_UISupportedInterfaceOrientations_iPhone = "UIInterfaceOrientationPortrait UIInterfaceOrientationLandscapeLeft UIInterfaceOrientationLandscapeRight";
				IPHONEOS_DEPLOYMENT_TARGET = 16.1;
				LD_RUNPATH_SEARCH_PATHS = "@executable_path/Frameworks";
				"LD_RUNPATH_SEARCH_PATHS[sdk=macosx*]" = "@executable_path/../Frameworks";
				MACOSX_DEPLOYMENT_TARGET = 13.0;
				MARKETING_VERSION = 1.0;
				PRODUCT_BUNDLE_IDENTIFIER = "cool.zzzw.Aghs-example";
				PRODUCT_NAME = "$(TARGET_NAME)";
				SDKROOT = auto;
				SUPPORTED_PLATFORMS = "iphoneos iphonesimulator macosx";
				SWIFT_EMIT_LOC_STRINGS = YES;
				SWIFT_VERSION = 5.0;
				TARGETED_DEVICE_FAMILY = "1,2";
			};
			name = Debug;
		};
		32877F91291E229800D00F15 /* Release */ = {
			isa = XCBuildConfiguration;
			buildSettings = {
				ASSETCATALOG_COMPILER_APPICON_NAME = AppIcon;
				ASSETCATALOG_COMPILER_GLOBAL_ACCENT_COLOR_NAME = AccentColor;
				CODE_SIGN_ENTITLEMENTS = "Aghs-example/Aghs_example.entitlements";
				CODE_SIGN_STYLE = Automatic;
				CURRENT_PROJECT_VERSION = 1;
				DEVELOPMENT_ASSET_PATHS = "\"Aghs-example/Preview Content\"";
				DEVELOPMENT_TEAM = JHT4FL54H9;
				ENABLE_HARDENED_RUNTIME = YES;
				ENABLE_PREVIEWS = YES;
				GENERATE_INFOPLIST_FILE = YES;
				"INFOPLIST_KEY_UIApplicationSceneManifest_Generation[sdk=iphoneos*]" = YES;
				"INFOPLIST_KEY_UIApplicationSceneManifest_Generation[sdk=iphonesimulator*]" = YES;
				"INFOPLIST_KEY_UIApplicationSupportsIndirectInputEvents[sdk=iphoneos*]" = YES;
				"INFOPLIST_KEY_UIApplicationSupportsIndirectInputEvents[sdk=iphonesimulator*]" = YES;
				"INFOPLIST_KEY_UILaunchScreen_Generation[sdk=iphoneos*]" = YES;
				"INFOPLIST_KEY_UILaunchScreen_Generation[sdk=iphonesimulator*]" = YES;
				"INFOPLIST_KEY_UIStatusBarStyle[sdk=iphoneos*]" = UIStatusBarStyleDefault;
				"INFOPLIST_KEY_UIStatusBarStyle[sdk=iphonesimulator*]" = UIStatusBarStyleDefault;
				INFOPLIST_KEY_UISupportedInterfaceOrientations_iPad = "UIInterfaceOrientationPortrait UIInterfaceOrientationPortraitUpsideDown UIInterfaceOrientationLandscapeLeft UIInterfaceOrientationLandscapeRight";
				INFOPLIST_KEY_UISupportedInterfaceOrientations_iPhone = "UIInterfaceOrientationPortrait UIInterfaceOrientationLandscapeLeft UIInterfaceOrientationLandscapeRight";
				IPHONEOS_DEPLOYMENT_TARGET = 16.1;
				LD_RUNPATH_SEARCH_PATHS = "@executable_path/Frameworks";
				"LD_RUNPATH_SEARCH_PATHS[sdk=macosx*]" = "@executable_path/../Frameworks";
				MACOSX_DEPLOYMENT_TARGET = 13.0;
				MARKETING_VERSION = 1.0;
				PRODUCT_BUNDLE_IDENTIFIER = "cool.zzzw.Aghs-example";
				PRODUCT_NAME = "$(TARGET_NAME)";
				SDKROOT = auto;
				SUPPORTED_PLATFORMS = "iphoneos iphonesimulator macosx";
				SWIFT_EMIT_LOC_STRINGS = YES;
				SWIFT_VERSION = 5.0;
				TARGETED_DEVICE_FAMILY = "1,2";
			};
			name = Release;
		};
		32877F93291E229800D00F15 /* Debug */ = {
			isa = XCBuildConfiguration;
			buildSettings = {
				ALWAYS_EMBED_SWIFT_STANDARD_LIBRARIES = YES;
				BUNDLE_LOADER = "$(TEST_HOST)";
				CODE_SIGN_STYLE = Automatic;
				CURRENT_PROJECT_VERSION = 1;
				DEVELOPMENT_TEAM = JHT4FL54H9;
				GENERATE_INFOPLIST_FILE = YES;
				IPHONEOS_DEPLOYMENT_TARGET = 16.1;
				MACOSX_DEPLOYMENT_TARGET = 13.0;
				MARKETING_VERSION = 1.0;
				PRODUCT_BUNDLE_IDENTIFIER = "com.freeblock.Aghs-exampleTests";
				PRODUCT_NAME = "$(TARGET_NAME)";
				SDKROOT = auto;
				SUPPORTED_PLATFORMS = "iphoneos iphonesimulator macosx";
				SWIFT_EMIT_LOC_STRINGS = NO;
				SWIFT_VERSION = 5.0;
				TARGETED_DEVICE_FAMILY = "1,2";
				TEST_HOST = "$(BUILT_PRODUCTS_DIR)/Aghs-example.app/$(BUNDLE_EXECUTABLE_FOLDER_PATH)/Aghs-example";
			};
			name = Debug;
		};
		32877F94291E229800D00F15 /* Release */ = {
			isa = XCBuildConfiguration;
			buildSettings = {
				ALWAYS_EMBED_SWIFT_STANDARD_LIBRARIES = YES;
				BUNDLE_LOADER = "$(TEST_HOST)";
				CODE_SIGN_STYLE = Automatic;
				CURRENT_PROJECT_VERSION = 1;
				DEVELOPMENT_TEAM = JHT4FL54H9;
				GENERATE_INFOPLIST_FILE = YES;
				IPHONEOS_DEPLOYMENT_TARGET = 16.1;
				MACOSX_DEPLOYMENT_TARGET = 13.0;
				MARKETING_VERSION = 1.0;
				PRODUCT_BUNDLE_IDENTIFIER = "com.freeblock.Aghs-exampleTests";
				PRODUCT_NAME = "$(TARGET_NAME)";
				SDKROOT = auto;
				SUPPORTED_PLATFORMS = "iphoneos iphonesimulator macosx";
				SWIFT_EMIT_LOC_STRINGS = NO;
				SWIFT_VERSION = 5.0;
				TARGETED_DEVICE_FAMILY = "1,2";
				TEST_HOST = "$(BUILT_PRODUCTS_DIR)/Aghs-example.app/$(BUNDLE_EXECUTABLE_FOLDER_PATH)/Aghs-example";
			};
			name = Release;
		};
		32877F96291E229800D00F15 /* Debug */ = {
			isa = XCBuildConfiguration;
			buildSettings = {
				ALWAYS_EMBED_SWIFT_STANDARD_LIBRARIES = YES;
				CODE_SIGN_STYLE = Automatic;
				CURRENT_PROJECT_VERSION = 1;
				DEVELOPMENT_TEAM = JHT4FL54H9;
				GENERATE_INFOPLIST_FILE = YES;
				IPHONEOS_DEPLOYMENT_TARGET = 16.1;
				MACOSX_DEPLOYMENT_TARGET = 13.0;
				MARKETING_VERSION = 1.0;
				PRODUCT_BUNDLE_IDENTIFIER = "com.freeblock.Aghs-exampleUITests";
				PRODUCT_NAME = "$(TARGET_NAME)";
				SDKROOT = auto;
				SUPPORTED_PLATFORMS = "iphoneos iphonesimulator macosx";
				SWIFT_EMIT_LOC_STRINGS = NO;
				SWIFT_VERSION = 5.0;
				TARGETED_DEVICE_FAMILY = "1,2";
				TEST_TARGET_NAME = "Aghs-example";
			};
			name = Debug;
		};
		32877F97291E229800D00F15 /* Release */ = {
			isa = XCBuildConfiguration;
			buildSettings = {
				ALWAYS_EMBED_SWIFT_STANDARD_LIBRARIES = YES;
				CODE_SIGN_STYLE = Automatic;
				CURRENT_PROJECT_VERSION = 1;
				DEVELOPMENT_TEAM = JHT4FL54H9;
				GENERATE_INFOPLIST_FILE = YES;
				IPHONEOS_DEPLOYMENT_TARGET = 16.1;
				MACOSX_DEPLOYMENT_TARGET = 13.0;
				MARKETING_VERSION = 1.0;
				PRODUCT_BUNDLE_IDENTIFIER = "com.freeblock.Aghs-exampleUITests";
				PRODUCT_NAME = "$(TARGET_NAME)";
				SDKROOT = auto;
				SUPPORTED_PLATFORMS = "iphoneos iphonesimulator macosx";
				SWIFT_EMIT_LOC_STRINGS = NO;
				SWIFT_VERSION = 5.0;
				TARGETED_DEVICE_FAMILY = "1,2";
				TEST_TARGET_NAME = "Aghs-example";
			};
			name = Release;
		};
/* End XCBuildConfiguration section */

/* Begin XCConfigurationList section */
		32877F65291E229600D00F15 /* Build configuration list for PBXProject "Aghs-example" */ = {
			isa = XCConfigurationList;
			buildConfigurations = (
				32877F8D291E229800D00F15 /* Debug */,
				32877F8E291E229800D00F15 /* Release */,
			);
			defaultConfigurationIsVisible = 0;
			defaultConfigurationName = Release;
		};
		32877F8F291E229800D00F15 /* Build configuration list for PBXNativeTarget "Aghs-example" */ = {
			isa = XCConfigurationList;
			buildConfigurations = (
				32877F90291E229800D00F15 /* Debug */,
				32877F91291E229800D00F15 /* Release */,
			);
			defaultConfigurationIsVisible = 0;
			defaultConfigurationName = Release;
		};
		32877F92291E229800D00F15 /* Build configuration list for PBXNativeTarget "Aghs-exampleTests" */ = {
			isa = XCConfigurationList;
			buildConfigurations = (
				32877F93291E229800D00F15 /* Debug */,
				32877F94291E229800D00F15 /* Release */,
			);
			defaultConfigurationIsVisible = 0;
			defaultConfigurationName = Release;
		};
		32877F95291E229800D00F15 /* Build configuration list for PBXNativeTarget "Aghs-exampleUITests" */ = {
			isa = XCConfigurationList;
			buildConfigurations = (
				32877F96291E229800D00F15 /* Debug */,
				32877F97291E229800D00F15 /* Release */,
			);
			defaultConfigurationIsVisible = 0;
			defaultConfigurationName = Release;
		};
/* End XCConfigurationList section */

/* Begin XCRemoteSwiftPackageReference section */
		32531ADD2924A0D100B36D91 /* XCRemoteSwiftPackageReference "Aghs" */ = {
			isa = XCRemoteSwiftPackageReference;
			repositoryURL = /Users/bruce/p/Aghs;
			requirement = {
				branch = dev;
				kind = branch;
			};
		};
/* End XCRemoteSwiftPackageReference section */

/* Begin XCSwiftPackageProductDependency section */
		32531ADE2924A0D100B36D91 /* Aghs */ = {
			isa = XCSwiftPackageProductDependency;
			package = 32531ADD2924A0D100B36D91 /* XCRemoteSwiftPackageReference "Aghs" */;
			productName = Aghs;
		};
/* End XCSwiftPackageProductDependency section */
	};
	rootObject = 32877F62291E229600D00F15 /* Project object */;
}
